// !$*UTF8*$!
{
	archiveVersion = 1;
	classes = {
	};
	objectVersion = 48;
	objects = {

/* Begin PBXGroup section */
		4BA1A4E31FCC4B7500E75B87 = {
			isa = PBXGroup;
			children = (
			);
			sourceTree = "<group>";
		};
/* End PBXGroup section */

/* Begin PBXProject section */
		4BA1A4E41FCC4B7500E75B87 /* Project object */ = {
			isa = PBXProject;
			attributes = {
				LastUpgradeCheck = 0920;
			};
			buildConfigurationList = 4BA1A4E71FCC4B7500E75B87 /* Build configuration list for PBXProject "Bit2Common" */;
			compatibilityVersion = "Xcode 8.0";
			developmentRegion = en;
			hasScannedForEncodings = 0;
			knownRegions = (
				en,
			);
			mainGroup = 4BA1A4E31FCC4B7500E75B87;
			projectDirPath = "";
			projectRoot = "";
			targets = (
			);
		};
/* End PBXProject section */

/* Begin XCBuildConfiguration section */
		4BA1A4E81FCC4B7500E75B87 /* Debug */ = {
			isa = XCBuildConfiguration;
			buildSettings = {
			};
			name = Debug;
		};
		4BA1A4E91FCC4B7500E75B87 /* Release */ = {
			isa = XCBuildConfiguration;
			buildSettings = {
			};
			name = Release;
		};
/* End XCBuildConfiguration section */

/* Begin XCConfigurationList section */
		4BA1A4E71FCC4B7500E75B87 /* Build configuration list for PBXProject "Bit2Common" */ = {
			isa = XCConfigurationList;
			buildConfigurations = (
				4BA1A4E81FCC4B7500E75B87 /* Debug */,
				4BA1A4E91FCC4B7500E75B87 /* Release */,
			);
			defaultConfigurationIsVisible = 0;
			defaultConfigurationName = Release;
		};
/* End XCConfigurationList section */
	};
	rootObject = 4BA1A4E41FCC4B7500E75B87 /* Project object */;
}
